{
  "name": "webpack-run-after-build-plugin",
  "version": "0.0.1",
  "lockfileVersion": 1,
  "requires": true,
  "dependencies": {
    "@types/node": {
      "version": "9.4.7",
      "resolved": "https://registry.npmjs.org/@types/node/-/node-9.4.7.tgz",
      "integrity": "sha512-4Ba90mWNx8ddbafuyGGwjkZMigi+AWfYLSDCpovwsE63ia8w93r3oJ8PIAQc3y8U+XHcnMOHPIzNe3o438Ywcw=="
    },
    "@types/tapable": {
      "version": "1.0.0",
      "resolved": "https://registry.npmjs.org/@types/tapable/-/tapable-1.0.0.tgz",
      "integrity": "sha512-DrV8VQDeDAJwWqiV+QceN4EHKd3scPPYiwrXr476y7T+2hMoOaH43NVGoaDM3siCz69h/1vMabKaMgMF539qFQ=="
    },
    "@types/uglify-js": {
      "version": "2.6.30",
      "resolved": "https://registry.npmjs.org/@types/uglify-js/-/uglify-js-2.6.30.tgz",
      "integrity": "sha512-NjiBNGFl58vHJeijl63w1fWRIjLnrfOvimsXF5b3lTzEzkTV1BnVsbqQeLejg54upsHPWIF63aiub5TEwH619A==",
      "requires": {
        "source-map": "0.6.1"
      }
    },
    "@types/webpack": {
      "version": "4.1.0",
      "resolved": "https://registry.npmjs.org/@types/webpack/-/webpack-4.1.0.tgz",
      "integrity": "sha512-xtxJJ0oMg0i/C7EcGSQ13gq8rTzroZ7BJMELlN6JalmT/z/cdlUbAQ6H2/oXvapNH43tdyjW8qR5X6qNkQqxGA==",
      "requires": {
        "@types/node": "9.4.7",
        "@types/tapable": "1.0.0",
        "@types/uglify-js": "2.6.30",
        "source-map": "0.6.1"
      }
    },
    "source-map": {
      "version": "0.6.1",
      "resolved": "https://registry.npmjs.org/source-map/-/source-map-0.6.1.tgz",
      "integrity": "sha512-UjgapumWlbMhkBgzT7Ykc5YXUT46F0iKu8SGXq0bcwP5dz/h0Plj6enJqjz1Zbq2l5WaqYnrVbwWOWMyF3F47g=="
    }
  }
}
